
Microsoft Visual Studio Solution File, Format Version 12.00
# Visual Studio Version 17
VisualStudioVersion = 17.14.36804.6 d17.14
MinimumVisualStudioVersion = 10.0.40219.1
Project("{FAE04EC0-301F-11D3-BF4B-00C04F79EFBC}") = "MultiDbCrudDemo", "MultiDbCrudDemo.csproj", "{6322F839-EA44-46B9-8962-4FF4CEE2B643}"
EndProject
Global
	GlobalSection(SolutionConfigurationPlatforms) = preSolution
		Debug|Any CPU = Debug|Any CPU
		Release|Any CPU = Release|Any CPU
	EndGlobalSection
	GlobalSection(ProjectConfigurationPlatforms) = postSolution
		{6322F839-EA44-46B9-8962-4FF4CEE2B643}.Debug|Any CPU.ActiveCfg = Debug|Any CPU
		{6322F839-EA44-46B9-8962-4FF4CEE2B643}.Debug|Any CPU.Build.0 = Debug|Any CPU
		{6322F839-EA44-46B9-8962-4FF4CEE2B643}.Release|Any CPU.ActiveCfg = Release|Any CPU
		{6322F839-EA44-46B9-8962-4FF4CEE2B643}.Release|Any CPU.Build.0 = Release|Any CPU
	EndGlobalSection
	GlobalSection(SolutionProperties) = preSolution
		HideSolutionNode = FALSE
	EndGlobalSection
	GlobalSection(ExtensibilityGlobals) = postSolution
		SolutionGuid = {77762D0A-3BF8-4BF9-8999-16100C8FE961}
	EndGlobalSection
EndGlobal
